
Microsoft Visual Studio Solution File, Format Version 12.00
# Visual Studio Version 16
VisualStudioVersion = 16.0.30225.117
MinimumVisualStudioVersion = 10.0.40219.1
Project("{FAE04EC0-301F-11D3-BF4B-00C04F79EFBC}") = "RadioStatistics", "RadioStatistics\RadioStatistics.csproj", "{D784A419-50E2-4A60-BED3-8537DAD0B5E8}"
EndProject
Global
	GlobalSection(SolutionConfigurationPlatforms) = preSolution
		Debug|Any CPU = Debug|Any CPU
		Release|Any CPU = Release|Any CPU
	EndGlobalSection
	GlobalSection(ProjectConfigurationPlatforms) = postSolution
		{D784A419-50E2-4A60-BED3-8537DAD0B5E8}.Debug|Any CPU.ActiveCfg = Debug|Any CPU
		{D784A419-50E2-4A60-BED3-8537DAD0B5E8}.Debug|Any CPU.Build.0 = Debug|Any CPU
		{D784A419-50E2-4A60-BED3-8537DAD0B5E8}.Release|Any CPU.ActiveCfg = Release|Any CPU
		{D784A419-50E2-4A60-BED3-8537DAD0B5E8}.Release|Any CPU.Build.0 = Release|Any CPU
	EndGlobalSection
	GlobalSection(SolutionProperties) = preSolution
		HideSolutionNode = FALSE
	EndGlobalSection
	GlobalSection(ExtensibilityGlobals) = postSolution
		SolutionGuid = {66801763-1D58-46D9-9B12-1A84F9D57C49}
	EndGlobalSection
EndGlobal
